
Microsoft Visual Studio Solution File, Format Version 12.00
# Visual Studio Version 17
VisualStudioVersion = 17.0.31903.59
MinimumVisualStudioVersion = 10.0.40219.1
Project("{FAE04EC0-301F-11D3-BF4B-00C04F79EFBC}") = "SCalculator", "SCalculator\SCalculator.csproj", "{DF4C9AE6-2F65-4696-A503-637453E2E703}"
EndProject
Project("{FAE04EC0-301F-11D3-BF4B-00C04F79EFBC}") = "SCalculator.UnitTest", "SCalculator.UnitTest\SCalculator.UnitTest.csproj", "{19B2668A-F684-46D6-913F-B8E5F8979C1A}"
	ProjectSection(ProjectDependencies) = postProject
		{DF4C9AE6-2F65-4696-A503-637453E2E703} = {DF4C9AE6-2F65-4696-A503-637453E2E703}
	EndProjectSection
EndProject
Global
	GlobalSection(SolutionConfigurationPlatforms) = preSolution
		Debug|Any CPU = Debug|Any CPU
		Release|Any CPU = Release|Any CPU
	EndGlobalSection
	GlobalSection(ProjectConfigurationPlatforms) = postSolution
		{DF4C9AE6-2F65-4696-A503-637453E2E703}.Debug|Any CPU.ActiveCfg = Debug|Any CPU
		{DF4C9AE6-2F65-4696-A503-637453E2E703}.Debug|Any CPU.Build.0 = Debug|Any CPU
		{DF4C9AE6-2F65-4696-A503-637453E2E703}.Release|Any CPU.ActiveCfg = Release|Any CPU
		{DF4C9AE6-2F65-4696-A503-637453E2E703}.Release|Any CPU.Build.0 = Release|Any CPU
		{19B2668A-F684-46D6-913F-B8E5F8979C1A}.Debug|Any CPU.ActiveCfg = Debug|Any CPU
		{19B2668A-F684-46D6-913F-B8E5F8979C1A}.Debug|Any CPU.Build.0 = Debug|Any CPU
		{19B2668A-F684-46D6-913F-B8E5F8979C1A}.Release|Any CPU.ActiveCfg = Release|Any CPU
		{19B2668A-F684-46D6-913F-B8E5F8979C1A}.Release|Any CPU.Build.0 = Release|Any CPU
	EndGlobalSection
	GlobalSection(SolutionProperties) = preSolution
		HideSolutionNode = FALSE
	EndGlobalSection
	GlobalSection(ExtensibilityGlobals) = postSolution
		SolutionGuid = {D8FCD5C9-DDBF-4549-BC32-4F9E6120D36A}
	EndGlobalSection
EndGlobal
